{
  "version": 4,
  "terraform_version": "1.15.3",
  "serial": 87,
  "lineage": "21f99a54-7ba0-1fcb-02a1-c7cbd5bc87c5",
  "outputs": {
    "hosts": {
      "value": {
        "karakeep": {
          "ips": [
            "192.168.200.104",
            "192.168.150.104"
          ]
        },
        "ns1": {
          "ips": [
            "192.168.200.32"
          ]
        },
        "ns2": {
          "ips": [
            "192.168.200.33"
          ]
        },
        "tailscale": {
          "ips": [
            "192.168.200.103"
          ]
        }
      },
      "type": [
        "object",
        {
          "karakeep": [
            "object",
            {
              "ips": [
                "tuple",
                [
                  "string",
                  "string"
                ]
              ]
            }
          ],
          "ns1": [
            "object",
            {
              "ips": [
                "tuple",
                [
                  "string"
                ]
              ]
            }
          ],
          "ns2": [
            "object",
            {
              "ips": [
                "tuple",
                [
                  "string"
                ]
              ]
            }
          ],
          "tailscale": [
            "object",
            {
              "ips": [
                "tuple",
                [
                  "string"
                ]
              ]
            }
          ]
        }
      ]
    }
  },
  "resources": [
    {
      "module": "module.nix_container[\"karakeep\"]",
      "mode": "managed",
      "type": "proxmox_virtual_environment_container",
      "name": "this",
      "provider": "provider[\"registry.terraform.io/bpg/proxmox\"]",
      "instances": [
        {
          "schema_version": 0,
          "attributes": {
            "clone": [],
            "console": [],
            "cpu": [
              {
                "architecture": "amd64",
                "cores": 1,
                "limit": 0,
                "units": 0
              }
            ],
            "description": "",
            "device_passthrough": [],
            "disk": [
              {
                "acl": false,
                "datastore_id": "vdisks",
                "mount_options": [],
                "path_in_datastore": "vdisks:101/vm-101-disk-0.raw",
                "quota": false,
                "replicate": false,
                "size": 32
              }
            ],
            "environment_variables": {},
            "features": [
              {
                "fuse": false,
                "keyctl": false,
                "mknod": false,
                "mount": [],
                "nesting": true
              }
            ],
            "hook_script_file_id": "",
            "id": "101",
            "idmap": [],
            "initialization": [
              {
                "dns": [],
                "entrypoint": "",
                "hostname": "karakeep",
                "ip_config": [
                  {
                    "ipv4": [
                      {
                        "address": "192.168.200.104/24",
                        "gateway": "192.168.200.60"
                      }
                    ],
                    "ipv6": []
                  },
                  {
                    "ipv4": [
                      {
                        "address": "192.168.150.104/24",
                        "gateway": ""
                      }
                    ],
                    "ipv6": []
                  }
                ],
                "user_account": [
                  {
                    "keys": [
                      "ssh-ed25519 AAAAC3NzaC1lZDI1NTE5AAAAIBEzI4fdj6ZyIidOX4+CIcbuPCXJgC1to97KvaI+mtC6 conlan@nixos"
                    ],
                    "password": "changeme"
                  }
                ]
              }
            ],
            "ipv4": {
              "eth0": "192.168.200.104",
              "eth1": "192.168.150.104"
            },
            "ipv6": {
              "eth0": "fe80::be24:11ff:fee3:86c3",
              "eth1": "fe80::be24:11ff:fe3a:e8d2"
            },
            "memory": [
              {
                "dedicated": 2048,
                "swap": 0
              }
            ],
            "mount_point": [],
            "network_interface": [
              {
                "bridge": "vmbr0",
                "enabled": true,
                "firewall": false,
                "host_managed": false,
                "mac_address": "BC:24:11:E3:86:C3",
                "mtu": 0,
                "name": "eth0",
                "rate_limit": 0,
                "vlan_id": 0
              },
              {
                "bridge": "vmbr1",
                "enabled": true,
                "firewall": false,
                "host_managed": false,
                "mac_address": "BC:24:11:3A:E8:D2",
                "mtu": 0,
                "name": "eth1",
                "rate_limit": 0,
                "vlan_id": 0
              }
            ],
            "node_name": "everforest",
            "operating_system": [
              {
                "template_file_id": "isos:vztmpl/nixos-image-lxc-proxmox-25.05.20250112.2f9e2f8-x86_64-linux.tar.xz",
                "type": "nixos"
              }
            ],
            "pool_id": null,
            "protection": false,
            "start_on_boot": true,
            "started": true,
            "startup": [],
            "tags": [],
            "template": false,
            "timeout_clone": 1800,
            "timeout_create": 1800,
            "timeout_delete": 60,
            "timeout_start": 300,
            "timeout_update": 1800,
            "unprivileged": true,
            "vm_id": 101,
            "wait_for_ip": []
          },
          "sensitive_attributes": [
            [
              {
                "type": "get_attr",
                "value": "initialization"
              },
              {
                "type": "index",
                "value": {
                  "value": 0,
                  "type": "number"
                }
              },
              {
                "type": "get_attr",
                "value": "user_account"
              },
              {
                "type": "index",
                "value": {
                  "value": 0,
                  "type": "number"
                }
              },
              {
                "type": "get_attr",
                "value": "password"
              }
            ]
          ],
          "identity_schema_version": 0,
          "private": "bnVsbA=="
        }
      ]
    },
    {
      "module": "module.nix_container[\"ns1\"]",
      "mode": "managed",
      "type": "proxmox_virtual_environment_container",
      "name": "this",
      "provider": "provider[\"registry.terraform.io/bpg/proxmox\"]",
      "instances": [
        {
          "schema_version": 0,
          "attributes": {
            "clone": [],
            "console": [],
            "cpu": [
              {
                "architecture": "amd64",
                "cores": 1,
                "limit": 0,
                "units": 0
              }
            ],
            "description": "",
            "device_passthrough": [],
            "disk": [
              {
                "acl": false,
                "datastore_id": "vdisks",
                "mount_options": [],
                "path_in_datastore": "vdisks:104/vm-104-disk-0.raw",
                "quota": false,
                "replicate": false,
                "size": 32
              }
            ],
            "environment_variables": {},
            "features": [
              {
                "fuse": false,
                "keyctl": false,
                "mknod": false,
                "mount": [],
                "nesting": true
              }
            ],
            "hook_script_file_id": "",
            "id": "104",
            "idmap": [],
            "initialization": [
              {
                "dns": [],
                "entrypoint": "",
                "hostname": "ns1",
                "ip_config": [
                  {
                    "ipv4": [
                      {
                        "address": "192.168.200.32/24",
                        "gateway": "192.168.200.60"
                      }
                    ],
                    "ipv6": []
                  }
                ],
                "user_account": [
                  {
                    "keys": [
                      "ssh-ed25519 AAAAC3NzaC1lZDI1NTE5AAAAIBEzI4fdj6ZyIidOX4+CIcbuPCXJgC1to97KvaI+mtC6 conlan@nixos"
                    ],
                    "password": "changeme"
                  }
                ]
              }
            ],
            "ipv4": {
              "eth0": "192.168.200.32"
            },
            "ipv6": {
              "eth0": "fe80::be24:11ff:fe5b:7c84"
            },
            "memory": [
              {
                "dedicated": 2048,
                "swap": 0
              }
            ],
            "mount_point": [],
            "network_interface": [
              {
                "bridge": "vmbr0",
                "enabled": true,
                "firewall": false,
                "host_managed": false,
                "mac_address": "BC:24:11:5B:7C:84",
                "mtu": 0,
                "name": "eth0",
                "rate_limit": 0,
                "vlan_id": 0
              }
            ],
            "node_name": "everforest",
            "operating_system": [
              {
                "template_file_id": "isos:vztmpl/nixos-image-lxc-proxmox-25.05.20250112.2f9e2f8-x86_64-linux.tar.xz",
                "type": "nixos"
              }
            ],
            "pool_id": null,
            "protection": false,
            "start_on_boot": true,
            "started": true,
            "startup": [],
            "tags": [],
            "template": false,
            "timeout_clone": 1800,
            "timeout_create": 1800,
            "timeout_delete": 60,
            "timeout_start": 300,
            "timeout_update": 1800,
            "unprivileged": true,
            "vm_id": 104,
            "wait_for_ip": []
          },
          "sensitive_attributes": [
            [
              {
                "type": "get_attr",
                "value": "initialization"
              },
              {
                "type": "index",
                "value": {
                  "value": 0,
                  "type": "number"
                }
              },
              {
                "type": "get_attr",
                "value": "user_account"
              },
              {
                "type": "index",
                "value": {
                  "value": 0,
                  "type": "number"
                }
              },
              {
                "type": "get_attr",
                "value": "password"
              }
            ]
          ],
          "identity_schema_version": 0,
          "private": "bnVsbA=="
        }
      ]
    },
    {
      "module": "module.nix_container[\"ns2\"]",
      "mode": "managed",
      "type": "proxmox_virtual_environment_container",
      "name": "this",
      "provider": "provider[\"registry.terraform.io/bpg/proxmox\"]",
      "instances": [
        {
          "schema_version": 0,
          "attributes": {
            "clone": [],
            "console": [],
            "cpu": [
              {
                "architecture": "amd64",
                "cores": 1,
                "limit": 0,
                "units": 0
              }
            ],
            "description": "",
            "device_passthrough": [],
            "disk": [
              {
                "acl": false,
                "datastore_id": "vdisks",
                "mount_options": [],
                "path_in_datastore": "vdisks:106/vm-106-disk-0.raw",
                "quota": false,
                "replicate": false,
                "size": 32
              }
            ],
            "environment_variables": {},
            "features": [
              {
                "fuse": false,
                "keyctl": false,
                "mknod": false,
                "mount": [],
                "nesting": true
              }
            ],
            "hook_script_file_id": "",
            "id": "106",
            "idmap": [],
            "initialization": [
              {
                "dns": [],
                "entrypoint": "",
                "hostname": "ns2",
                "ip_config": [
                  {
                    "ipv4": [
                      {
                        "address": "192.168.200.33/24",
                        "gateway": "192.168.200.60"
                      }
                    ],
                    "ipv6": []
                  }
                ],
                "user_account": [
                  {
                    "keys": [
                      "ssh-ed25519 AAAAC3NzaC1lZDI1NTE5AAAAIBEzI4fdj6ZyIidOX4+CIcbuPCXJgC1to97KvaI+mtC6 conlan@nixos"
                    ],
                    "password": "changeme"
                  }
                ]
              }
            ],
            "ipv4": {
              "eth0": "192.168.200.33"
            },
            "ipv6": {
              "eth0": "fe80::be24:11ff:feed:9054"
            },
            "memory": [
              {
                "dedicated": 2048,
                "swap": 0
              }
            ],
            "mount_point": [],
            "network_interface": [
              {
                "bridge": "vmbr0",
                "enabled": true,
                "firewall": false,
                "host_managed": false,
                "mac_address": "BC:24:11:ED:90:54",
                "mtu": 0,
                "name": "eth0",
                "rate_limit": 0,
                "vlan_id": 0
              }
            ],
            "node_name": "catpuccin",
            "operating_system": [
              {
                "template_file_id": "isos:vztmpl/nixos-image-lxc-proxmox-25.05.20250112.2f9e2f8-x86_64-linux.tar.xz",
                "type": "nixos"
              }
            ],
            "pool_id": null,
            "protection": false,
            "start_on_boot": true,
            "started": true,
            "startup": [],
            "tags": [],
            "template": false,
            "timeout_clone": 1800,
            "timeout_create": 1800,
            "timeout_delete": 60,
            "timeout_start": 300,
            "timeout_update": 1800,
            "unprivileged": true,
            "vm_id": 106,
            "wait_for_ip": []
          },
          "sensitive_attributes": [
            [
              {
                "type": "get_attr",
                "value": "initialization"
              },
              {
                "type": "index",
                "value": {
                  "value": 0,
                  "type": "number"
                }
              },
              {
                "type": "get_attr",
                "value": "user_account"
              },
              {
                "type": "index",
                "value": {
                  "value": 0,
                  "type": "number"
                }
              },
              {
                "type": "get_attr",
                "value": "password"
              }
            ]
          ],
          "identity_schema_version": 0,
          "private": "bnVsbA=="
        }
      ]
    },
    {
      "module": "module.nix_container[\"tailscale\"]",
      "mode": "managed",
      "type": "proxmox_virtual_environment_container",
      "name": "this",
      "provider": "provider[\"registry.terraform.io/bpg/proxmox\"]",
      "instances": [
        {
          "schema_version": 0,
          "attributes": {
            "clone": [],
            "console": [],
            "cpu": [
              {
                "architecture": "amd64",
                "cores": 1,
                "limit": 0,
                "units": 0
              }
            ],
            "description": "",
            "device_passthrough": [],
            "disk": [
              {
                "acl": false,
                "datastore_id": "vdisks",
                "mount_options": [],
                "path_in_datastore": "vdisks:103/vm-103-disk-0.raw",
                "quota": false,
                "replicate": false,
                "size": 32
              }
            ],
            "environment_variables": {},
            "features": [
              {
                "fuse": false,
                "keyctl": false,
                "mknod": false,
                "mount": [],
                "nesting": true
              }
            ],
            "hook_script_file_id": "",
            "id": "103",
            "idmap": [],
            "initialization": [
              {
                "dns": [],
                "entrypoint": "",
                "hostname": "tailscale",
                "ip_config": [
                  {
                    "ipv4": [
                      {
                        "address": "192.168.200.103/24",
                        "gateway": "192.168.200.60"
                      }
                    ],
                    "ipv6": []
                  }
                ],
                "user_account": [
                  {
                    "keys": [
                      "ssh-ed25519 AAAAC3NzaC1lZDI1NTE5AAAAIBEzI4fdj6ZyIidOX4+CIcbuPCXJgC1to97KvaI+mtC6 conlan@nixos"
                    ],
                    "password": "changeme"
                  }
                ]
              }
            ],
            "ipv4": {
              "eth0": "192.168.200.103"
            },
            "ipv6": {
              "eth0": "fe80::be24:11ff:fead:2f2d"
            },
            "memory": [
              {
                "dedicated": 2048,
                "swap": 0
              }
            ],
            "mount_point": [],
            "network_interface": [
              {
                "bridge": "vmbr0",
                "enabled": true,
                "firewall": false,
                "host_managed": false,
                "mac_address": "BC:24:11:AD:2F:2D",
                "mtu": 0,
                "name": "eth0",
                "rate_limit": 0,
                "vlan_id": 0
              }
            ],
            "node_name": "everforest",
            "operating_system": [
              {
                "template_file_id": "isos:vztmpl/nixos-image-lxc-proxmox-25.05.20250112.2f9e2f8-x86_64-linux.tar.xz",
                "type": "nixos"
              }
            ],
            "pool_id": null,
            "protection": false,
            "start_on_boot": true,
            "started": true,
            "startup": [],
            "tags": [],
            "template": false,
            "timeout_clone": 1800,
            "timeout_create": 1800,
            "timeout_delete": 60,
            "timeout_start": 300,
            "timeout_update": 1800,
            "unprivileged": true,
            "vm_id": 103,
            "wait_for_ip": []
          },
          "sensitive_attributes": [
            [
              {
                "type": "get_attr",
                "value": "initialization"
              },
              {
                "type": "index",
                "value": {
                  "value": 0,
                  "type": "number"
                }
              },
              {
                "type": "get_attr",
                "value": "user_account"
              },
              {
                "type": "index",
                "value": {
                  "value": 0,
                  "type": "number"
                }
              },
              {
                "type": "get_attr",
                "value": "password"
              }
            ]
          ],
          "identity_schema_version": 0,
          "private": "bnVsbA=="
        }
      ]
    }
  ],
  "check_results": null
}
