{
  "version": 4,
  "terraform_version": "1.14.0",
  "serial": 1,
  "lineage": "21f99a54-7ba0-1fcb-02a1-c7cbd5bc87c5",
  "outputs": {},
  "resources": [
    {
      "mode": "managed",
      "type": "proxmox_virtual_environment_container",
      "name": "nix_ct_test",
      "provider": "provider[\"registry.terraform.io/bpg/proxmox\"]",
      "instances": [
        {
          "schema_version": 0,
          "attributes": {
            "clone": [],
            "console": [],
            "cpu": [
              {
                "architecture": "amd64",
                "cores": 2,
                "units": 1024
              }
            ],
            "description": "",
            "device_passthrough": [],
            "disk": [
              {
                "acl": false,
                "datastore_id": "vdisks",
                "mount_options": null,
                "quota": false,
                "replicate": false,
                "size": 32
              }
            ],
            "environment_variables": null,
            "features": [],
            "hook_script_file_id": null,
            "id": "201",
            "initialization": [
              {
                "dns": [],
                "hostname": "CT201",
                "ip_config": [],
                "user_account": []
              }
            ],
            "ipv4": {},
            "ipv6": {},
            "memory": [
              {
                "dedicated": 4096,
                "swap": 0
              }
            ],
            "mount_point": [],
            "network_interface": [
              {
                "bridge": "vmbr0",
                "enabled": true,
                "firewall": false,
                "mac_address": "BC:24:11:11:51:94",
                "mtu": 0,
                "name": "vmbr0",
                "rate_limit": 0,
                "vlan_id": 0
              }
            ],
            "node_name": "everforest",
            "operating_system": [
              {
                "template_file_id": "isos:vztmpl/nixos-image-lxc-proxmox-25.05pre-git-x86_64-linux.tar.xz",
                "type": "unmanaged"
              }
            ],
            "pool_id": null,
            "protection": false,
            "start_on_boot": true,
            "started": true,
            "startup": [],
            "tags": [
              "terraform"
            ],
            "template": false,
            "timeout_clone": 1800,
            "timeout_create": 1800,
            "timeout_delete": 60,
            "timeout_start": 300,
            "timeout_update": 1800,
            "unprivileged": true,
            "vm_id": 201,
            "wait_for_ip": []
          },
          "sensitive_attributes": [],
          "identity_schema_version": 0,
          "private": "bnVsbA=="
        }
      ]
    }
  ],
  "check_results": null
}
